{
    "name": "Slope Buddy",
    "version": "0.1.0",
    "lockfileVersion": 1,
    "requires": true,
    "dependencies": {
        "dayjs": {
            "version": "1.10.4",
            "resolved": "https://registry.npmjs.org/dayjs/-/dayjs-1.10.4.tgz",
            "integrity": "sha512-RI/Hh4kqRc1UKLOAf/T5zdMMX5DQIlDxwUe3wSyMMnEbGunnpENCdbUgM+dW7kXidZqCttBrmw7BhN4TMddkCw=="
        },
        "pebblejs": {
            "version": "1.0.0",
            "resolved": "https://registry.npmjs.org/pebblejs/-/pebblejs-1.0.0.tgz",
            "integrity": "sha1-3fMShv3aUzoVmgg7mtLLLqgZjow="
        }
    }
}
